
Microsoft Visual Studio Solution File, Format Version 12.00
# Visual Studio Version 17
VisualStudioVersion = 17.0.31903.59
MinimumVisualStudioVersion = 10.0.40219.1
Project("{2150E333-8FDC-42A3-9474-1A3956D46DE8}") = "src", "src", "{827E0CD3-B72D-47B6-A68D-7590B98EB39B}"
EndProject
Project("{FAE04EC0-301F-11D3-BF4B-00C04F79EFBC}") = "MyShorten.API", "src\MyShorten.API\MyShorten.API.csproj", "{745125C8-E485-4C8F-8C4A-EC00FCF9BF96}"
EndProject
Project("{FAE04EC0-301F-11D3-BF4B-00C04F79EFBC}") = "MyShorten.Core", "src\MyShorten.Core\MyShorten.Core.csproj", "{793C3F50-6C64-4BAD-BB27-CA570E0458F3}"
EndProject
Project("{FAE04EC0-301F-11D3-BF4B-00C04F79EFBC}") = "MyShorten.Infrastructure", "src\MyShorten.Infrastructure\MyShorten.Infrastructure.csproj", "{C4B41B50-6636-40E0-947B-8AFF94E6B5E8}"
EndProject
Global
	GlobalSection(SolutionConfigurationPlatforms) = preSolution
		Debug|Any CPU = Debug|Any CPU
		Debug|x64 = Debug|x64
		Debug|x86 = Debug|x86
		Release|Any CPU = Release|Any CPU
		Release|x64 = Release|x64
		Release|x86 = Release|x86
	EndGlobalSection
	GlobalSection(ProjectConfigurationPlatforms) = postSolution
		{745125C8-E485-4C8F-8C4A-EC00FCF9BF96}.Debug|Any CPU.ActiveCfg = Debug|Any CPU
		{745125C8-E485-4C8F-8C4A-EC00FCF9BF96}.Debug|Any CPU.Build.0 = Debug|Any CPU
		{745125C8-E485-4C8F-8C4A-EC00FCF9BF96}.Debug|x64.ActiveCfg = Debug|Any CPU
		{745125C8-E485-4C8F-8C4A-EC00FCF9BF96}.Debug|x64.Build.0 = Debug|Any CPU
		{745125C8-E485-4C8F-8C4A-EC00FCF9BF96}.Debug|x86.ActiveCfg = Debug|Any CPU
		{745125C8-E485-4C8F-8C4A-EC00FCF9BF96}.Debug|x86.Build.0 = Debug|Any CPU
		{745125C8-E485-4C8F-8C4A-EC00FCF9BF96}.Release|Any CPU.ActiveCfg = Release|Any CPU
		{745125C8-E485-4C8F-8C4A-EC00FCF9BF96}.Release|Any CPU.Build.0 = Release|Any CPU
		{745125C8-E485-4C8F-8C4A-EC00FCF9BF96}.Release|x64.ActiveCfg = Release|Any CPU
		{745125C8-E485-4C8F-8C4A-EC00FCF9BF96}.Release|x64.Build.0 = Release|Any CPU
		{745125C8-E485-4C8F-8C4A-EC00FCF9BF96}.Release|x86.ActiveCfg = Release|Any CPU
		{745125C8-E485-4C8F-8C4A-EC00FCF9BF96}.Release|x86.Build.0 = Release|Any CPU
		{793C3F50-6C64-4BAD-BB27-CA570E0458F3}.Debug|Any CPU.ActiveCfg = Debug|Any CPU
		{793C3F50-6C64-4BAD-BB27-CA570E0458F3}.Debug|Any CPU.Build.0 = Debug|Any CPU
		{793C3F50-6C64-4BAD-BB27-CA570E0458F3}.Debug|x64.ActiveCfg = Debug|Any CPU
		{793C3F50-6C64-4BAD-BB27-CA570E0458F3}.Debug|x64.Build.0 = Debug|Any CPU
		{793C3F50-6C64-4BAD-BB27-CA570E0458F3}.Debug|x86.ActiveCfg = Debug|Any CPU
		{793C3F50-6C64-4BAD-BB27-CA570E0458F3}.Debug|x86.Build.0 = Debug|Any CPU
		{793C3F50-6C64-4BAD-BB27-CA570E0458F3}.Release|Any CPU.ActiveCfg = Release|Any CPU
		{793C3F50-6C64-4BAD-BB27-CA570E0458F3}.Release|Any CPU.Build.0 = Release|Any CPU
		{793C3F50-6C64-4BAD-BB27-CA570E0458F3}.Release|x64.ActiveCfg = Release|Any CPU
		{793C3F50-6C64-4BAD-BB27-CA570E0458F3}.Release|x64.Build.0 = Release|Any CPU
		{793C3F50-6C64-4BAD-BB27-CA570E0458F3}.Release|x86.ActiveCfg = Release|Any CPU
		{793C3F50-6C64-4BAD-BB27-CA570E0458F3}.Release|x86.Build.0 = Release|Any CPU
		{C4B41B50-6636-40E0-947B-8AFF94E6B5E8}.Debug|Any CPU.ActiveCfg = Debug|Any CPU
		{C4B41B50-6636-40E0-947B-8AFF94E6B5E8}.Debug|Any CPU.Build.0 = Debug|Any CPU
		{C4B41B50-6636-40E0-947B-8AFF94E6B5E8}.Debug|x64.ActiveCfg = Debug|Any CPU
		{C4B41B50-6636-40E0-947B-8AFF94E6B5E8}.Debug|x64.Build.0 = Debug|Any CPU
		{C4B41B50-6636-40E0-947B-8AFF94E6B5E8}.Debug|x86.ActiveCfg = Debug|Any CPU
		{C4B41B50-6636-40E0-947B-8AFF94E6B5E8}.Debug|x86.Build.0 = Debug|Any CPU
		{C4B41B50-6636-40E0-947B-8AFF94E6B5E8}.Release|Any CPU.ActiveCfg = Release|Any CPU
		{C4B41B50-6636-40E0-947B-8AFF94E6B5E8}.Release|Any CPU.Build.0 = Release|Any CPU
		{C4B41B50-6636-40E0-947B-8AFF94E6B5E8}.Release|x64.ActiveCfg = Release|Any CPU
		{C4B41B50-6636-40E0-947B-8AFF94E6B5E8}.Release|x64.Build.0 = Release|Any CPU
		{C4B41B50-6636-40E0-947B-8AFF94E6B5E8}.Release|x86.ActiveCfg = Release|Any CPU
		{C4B41B50-6636-40E0-947B-8AFF94E6B5E8}.Release|x86.Build.0 = Release|Any CPU
	EndGlobalSection
	GlobalSection(SolutionProperties) = preSolution
		HideSolutionNode = FALSE
	EndGlobalSection
	GlobalSection(NestedProjects) = preSolution
		{745125C8-E485-4C8F-8C4A-EC00FCF9BF96} = {827E0CD3-B72D-47B6-A68D-7590B98EB39B}
		{793C3F50-6C64-4BAD-BB27-CA570E0458F3} = {827E0CD3-B72D-47B6-A68D-7590B98EB39B}
		{C4B41B50-6636-40E0-947B-8AFF94E6B5E8} = {827E0CD3-B72D-47B6-A68D-7590B98EB39B}
	EndGlobalSection
EndGlobal
